
Microsoft Visual Studio Solution File, Format Version 12.00
# Visual Studio 15
VisualStudioVersion = 15.0.28307.1259
MinimumVisualStudioVersion = 10.0.40219.1
Project("{FAE04EC0-301F-11D3-BF4B-00C04F79EFBC}") = "CustomConfigSection", "CustomConfigSection.csproj", "{B4065431-0494-416D-91B2-FD5916AA1BDB}"
EndProject
Global
	GlobalSection(SolutionConfigurationPlatforms) = preSolution
		Debug|Any CPU = Debug|Any CPU
		Release|Any CPU = Release|Any CPU
	EndGlobalSection
	GlobalSection(ProjectConfigurationPlatforms) = postSolution
		{B4065431-0494-416D-91B2-FD5916AA1BDB}.Debug|Any CPU.ActiveCfg = Debug|Any CPU
		{B4065431-0494-416D-91B2-FD5916AA1BDB}.Debug|Any CPU.Build.0 = Debug|Any CPU
		{B4065431-0494-416D-91B2-FD5916AA1BDB}.Release|Any CPU.ActiveCfg = Release|Any CPU
		{B4065431-0494-416D-91B2-FD5916AA1BDB}.Release|Any CPU.Build.0 = Release|Any CPU
	EndGlobalSection
	GlobalSection(SolutionProperties) = preSolution
		HideSolutionNode = FALSE
	EndGlobalSection
	GlobalSection(ExtensibilityGlobals) = postSolution
		SolutionGuid = {B0132118-CC88-4C90-9B01-9259826E64F7}
	EndGlobalSection
EndGlobal
